
Microsoft Visual Studio Solution File, Format Version 12.00
# Visual Studio 15
VisualStudioVersion = 15.0.28307.168
MinimumVisualStudioVersion = 10.0.40219.1
Project("{FAE04EC0-301F-11D3-BF4B-00C04F79EFBC}") = "DebugValueShaderGL", "DebugValueShaderGL\DebugValueShaderGL.csproj", "{D44A7EC7-B2D5-4BCC-9736-5CBF5F0691B4}"
EndProject
Global
	GlobalSection(SolutionConfigurationPlatforms) = preSolution
		Debug|Any CPU = Debug|Any CPU
		Release|Any CPU = Release|Any CPU
	EndGlobalSection
	GlobalSection(ProjectConfigurationPlatforms) = postSolution
		{D44A7EC7-B2D5-4BCC-9736-5CBF5F0691B4}.Debug|Any CPU.ActiveCfg = Debug|Any CPU
		{D44A7EC7-B2D5-4BCC-9736-5CBF5F0691B4}.Debug|Any CPU.Build.0 = Debug|Any CPU
		{D44A7EC7-B2D5-4BCC-9736-5CBF5F0691B4}.Release|Any CPU.ActiveCfg = Release|Any CPU
		{D44A7EC7-B2D5-4BCC-9736-5CBF5F0691B4}.Release|Any CPU.Build.0 = Release|Any CPU
	EndGlobalSection
	GlobalSection(SolutionProperties) = preSolution
		HideSolutionNode = FALSE
	EndGlobalSection
	GlobalSection(ExtensibilityGlobals) = postSolution
		SolutionGuid = {5BCBE9D2-0D9E-4BED-9FEA-C3B6A34967F7}
	EndGlobalSection
EndGlobal
